
Microsoft Visual Studio Solution File, Format Version 12.00
# Visual Studio Version 17
VisualStudioVersion = 17.14.37411.7 d17.14
MinimumVisualStudioVersion = 10.0.40219.1
Project("{FAE04EC0-301F-11D3-BF4B-00C04F79EFBC}") = "FinalStudentManagementSystemApi", "FinalStudentManagementSystemApi\FinalStudentManagementSystemApi.csproj", "{D0441EDF-55F3-4D04-8408-CD3B712D3B1E}"
EndProject
Global
	GlobalSection(SolutionConfigurationPlatforms) = preSolution
		Debug|Any CPU = Debug|Any CPU
		Release|Any CPU = Release|Any CPU
	EndGlobalSection
	GlobalSection(ProjectConfigurationPlatforms) = postSolution
		{D0441EDF-55F3-4D04-8408-CD3B712D3B1E}.Debug|Any CPU.ActiveCfg = Debug|Any CPU
		{D0441EDF-55F3-4D04-8408-CD3B712D3B1E}.Debug|Any CPU.Build.0 = Debug|Any CPU
		{D0441EDF-55F3-4D04-8408-CD3B712D3B1E}.Release|Any CPU.ActiveCfg = Release|Any CPU
		{D0441EDF-55F3-4D04-8408-CD3B712D3B1E}.Release|Any CPU.Build.0 = Release|Any CPU
	EndGlobalSection
	GlobalSection(SolutionProperties) = preSolution
		HideSolutionNode = FALSE
	EndGlobalSection
	GlobalSection(ExtensibilityGlobals) = postSolution
		SolutionGuid = {6C493F00-5FCF-4336-A90F-5793F3647ADA}
	EndGlobalSection
EndGlobal
