
Microsoft Visual Studio Solution File, Format Version 12.00
# Visual Studio Version 17
VisualStudioVersion = 17.14.37314.3 d17.14
MinimumVisualStudioVersion = 10.0.40219.1
Project("{FAE04EC0-301F-11D3-BF4B-00C04F79EFBC}") = "day1testcontroller", "day1testcontroller\day1testcontroller.csproj", "{FCACBEBD-AC24-408F-AE12-6CEB45809ABB}"
EndProject
Global
	GlobalSection(SolutionConfigurationPlatforms) = preSolution
		Debug|Any CPU = Debug|Any CPU
		Release|Any CPU = Release|Any CPU
	EndGlobalSection
	GlobalSection(ProjectConfigurationPlatforms) = postSolution
		{FCACBEBD-AC24-408F-AE12-6CEB45809ABB}.Debug|Any CPU.ActiveCfg = Debug|Any CPU
		{FCACBEBD-AC24-408F-AE12-6CEB45809ABB}.Debug|Any CPU.Build.0 = Debug|Any CPU
		{FCACBEBD-AC24-408F-AE12-6CEB45809ABB}.Release|Any CPU.ActiveCfg = Release|Any CPU
		{FCACBEBD-AC24-408F-AE12-6CEB45809ABB}.Release|Any CPU.Build.0 = Release|Any CPU
	EndGlobalSection
	GlobalSection(SolutionProperties) = preSolution
		HideSolutionNode = FALSE
	EndGlobalSection
	GlobalSection(ExtensibilityGlobals) = postSolution
		SolutionGuid = {F3D378E8-C825-47C0-99D8-2404515AC05B}
	EndGlobalSection
EndGlobal
