
Microsoft Visual Studio Solution File, Format Version 12.00
# Visual Studio Version 17
VisualStudioVersion = 17.14.37411.7 d17.14
MinimumVisualStudioVersion = 10.0.40219.1
Project("{FAE04EC0-301F-11D3-BF4B-00C04F79EFBC}") = "StudentDbApiCRUD", "StudentDbApiCRUD\StudentDbApiCRUD.csproj", "{A45597CF-81BC-4FDB-84C3-4C96AC01B05B}"
EndProject
Global
	GlobalSection(SolutionConfigurationPlatforms) = preSolution
		Debug|Any CPU = Debug|Any CPU
		Release|Any CPU = Release|Any CPU
	EndGlobalSection
	GlobalSection(ProjectConfigurationPlatforms) = postSolution
		{A45597CF-81BC-4FDB-84C3-4C96AC01B05B}.Debug|Any CPU.ActiveCfg = Debug|Any CPU
		{A45597CF-81BC-4FDB-84C3-4C96AC01B05B}.Debug|Any CPU.Build.0 = Debug|Any CPU
		{A45597CF-81BC-4FDB-84C3-4C96AC01B05B}.Release|Any CPU.ActiveCfg = Release|Any CPU
		{A45597CF-81BC-4FDB-84C3-4C96AC01B05B}.Release|Any CPU.Build.0 = Release|Any CPU
	EndGlobalSection
	GlobalSection(SolutionProperties) = preSolution
		HideSolutionNode = FALSE
	EndGlobalSection
	GlobalSection(ExtensibilityGlobals) = postSolution
		SolutionGuid = {8B6C6E94-701A-4A2C-9856-AE5D2C8E8421}
	EndGlobalSection
EndGlobal
